
Microsoft Visual Studio Solution File, Format Version 12.00
# Visual Studio Version 16
VisualStudioVersion = 16.0.29613.14
MinimumVisualStudioVersion = 10.0.40219.1
Project("{FAE04EC0-301F-11D3-BF4B-00C04F79EFBC}") = "Lab_8_1", "Lab_8_1\Lab_8_1.csproj", "{5C68D655-6DBC-4B85-BFE2-3943BD99856F}"
EndProject
Global
	GlobalSection(SolutionConfigurationPlatforms) = preSolution
		Debug|Any CPU = Debug|Any CPU
		Release|Any CPU = Release|Any CPU
	EndGlobalSection
	GlobalSection(ProjectConfigurationPlatforms) = postSolution
		{5C68D655-6DBC-4B85-BFE2-3943BD99856F}.Debug|Any CPU.ActiveCfg = Debug|Any CPU
		{5C68D655-6DBC-4B85-BFE2-3943BD99856F}.Debug|Any CPU.Build.0 = Debug|Any CPU
		{5C68D655-6DBC-4B85-BFE2-3943BD99856F}.Release|Any CPU.ActiveCfg = Release|Any CPU
		{5C68D655-6DBC-4B85-BFE2-3943BD99856F}.Release|Any CPU.Build.0 = Release|Any CPU
	EndGlobalSection
	GlobalSection(SolutionProperties) = preSolution
		HideSolutionNode = FALSE
	EndGlobalSection
	GlobalSection(ExtensibilityGlobals) = postSolution
		SolutionGuid = {4F508D60-6F1E-4455-B60D-C0A91BC58683}
	EndGlobalSection
EndGlobal
